// !$*UTF8*$!
{
	archiveVersion = 1;
	classes = {
	};
	objectVersion = 50;
	objects = {

/* Begin PBXBuildFile section */
		C00735AD26A49B33006E2F8A /* AppDelegate.swift in Sources */ = {isa = PBXBuildFile; fileRef = C00735AC26A49B33006E2F8A /* AppDelegate.swift */; };
		C00735AF26A49B33006E2F8A /* SceneDelegate.swift in Sources */ = {isa = PBXBuildFile; fileRef = C00735AE26A49B33006E2F8A /* SceneDelegate.swift */; };
		C00735B626A49B34006E2F8A /* Assets.xcassets in Resources */ = {isa = PBXBuildFile; fileRef = C00735B526A49B34006E2F8A /* Assets.xcassets */; };
		C00735B926A49B34006E2F8A /* LaunchScreen.storyboard in Resources */ = {isa = PBXBuildFile; fileRef = C00735B726A49B34006E2F8A /* LaunchScreen.storyboard */; };
		C00735C526A49B9C006E2F8A /* NewListTableViewController.swift in Sources */ = {isa = PBXBuildFile; fileRef = C00735C426A49B9C006E2F8A /* NewListTableViewController.swift */; };
		C00735C826A49BC8006E2F8A /* Main.storyboard in Resources */ = {isa = PBXBuildFile; fileRef = C00735C726A49BC8006E2F8A /* Main.storyboard */; };
		C00735CD26A4A417006E2F8A /* WebService.swift in Sources */ = {isa = PBXBuildFile; fileRef = C00735CC26A4A417006E2F8A /* WebService.swift */; };
		C012758A26A4B264001070F2 /* ArticleViewModel.swift in Sources */ = {isa = PBXBuildFile; fileRef = C012758926A4B264001070F2 /* ArticleViewModel.swift */; };
		C012758F26A4B47A001070F2 /* ArticleTableViewCell.swift in Sources */ = {isa = PBXBuildFile; fileRef = C012758E26A4B47A001070F2 /* ArticleTableViewCell.swift */; };
		C030994F26A4ACE4008CED75 /* Article.swift in Sources */ = {isa = PBXBuildFile; fileRef = C030994E26A4ACE4008CED75 /* Article.swift */; };
/* End PBXBuildFile section */

/* Begin PBXFileReference section */
		C00735A926A49B33006E2F8A /* GoodNews.app */ = {isa = PBXFileReference; explicitFileType = wrapper.application; includeInIndex = 0; path = GoodNews.app; sourceTree = BUILT_PRODUCTS_DIR; };
		C00735AC26A49B33006E2F8A /* AppDelegate.swift */ = {isa = PBXFileReference; lastKnownFileType = sourcecode.swift; path = AppDelegate.swift; sourceTree = "<group>"; };
		C00735AE26A49B33006E2F8A /* SceneDelegate.swift */ = {isa = PBXFileReference; lastKnownFileType = sourcecode.swift; path = SceneDelegate.swift; sourceTree = "<group>"; };
		C00735B526A49B34006E2F8A /* Assets.xcassets */ = {isa = PBXFileReference; lastKnownFileType = folder.assetcatalog; path = Assets.xcassets; sourceTree = "<group>"; };
		C00735B826A49B34006E2F8A /* Base */ = {isa = PBXFileReference; lastKnownFileType = file.storyboard; name = Base; path = Base.lproj/LaunchScreen.storyboard; sourceTree = "<group>"; };
		C00735BA26A49B34006E2F8A /* Info.plist */ = {isa = PBXFileReference; lastKnownFileType = text.plist.xml; path = Info.plist; sourceTree = "<group>"; };
		C00735C426A49B9C006E2F8A /* NewListTableViewController.swift */ = {isa = PBXFileReference; lastKnownFileType = sourcecode.swift; path = NewListTableViewController.swift; sourceTree = "<group>"; };
		C00735C726A49BC8006E2F8A /* Main.storyboard */ = {isa = PBXFileReference; lastKnownFileType = file.storyboard; path = Main.storyboard; sourceTree = "<group>"; };
		C00735CC26A4A417006E2F8A /* WebService.swift */ = {isa = PBXFileReference; lastKnownFileType = sourcecode.swift; path = WebService.swift; sourceTree = "<group>"; };
		C012758926A4B264001070F2 /* ArticleViewModel.swift */ = {isa = PBXFileReference; lastKnownFileType = sourcecode.swift; path = ArticleViewModel.swift; sourceTree = "<group>"; };
		C012758E26A4B47A001070F2 /* ArticleTableViewCell.swift */ = {isa = PBXFileReference; lastKnownFileType = sourcecode.swift; path = ArticleTableViewCell.swift; sourceTree = "<group>"; };
		C030994E26A4ACE4008CED75 /* Article.swift */ = {isa = PBXFileReference; lastKnownFileType = sourcecode.swift; path = Article.swift; sourceTree = "<group>"; };
/* End PBXFileReference section */

/* Begin PBXFrameworksBuildPhase section */
		C00735A626A49B33006E2F8A /* Frameworks */ = {
			isa = PBXFrameworksBuildPhase;
			buildActionMask = 2147483647;
			files = (
			);
			runOnlyForDeploymentPostprocessing = 0;
		};
/* End PBXFrameworksBuildPhase section */

/* Begin PBXGroup section */
		C00735A026A49B33006E2F8A = {
			isa = PBXGroup;
			children = (
				C00735AB26A49B33006E2F8A /* GoodNews */,
				C00735AA26A49B33006E2F8A /* Products */,
			);
			sourceTree = "<group>";
		};
		C00735AA26A49B33006E2F8A /* Products */ = {
			isa = PBXGroup;
			children = (
				C00735A926A49B33006E2F8A /* GoodNews.app */,
			);
			name = Products;
			sourceTree = "<group>";
		};
		C00735AB26A49B33006E2F8A /* GoodNews */ = {
			isa = PBXGroup;
			children = (
				C012758D26A4B453001070F2 /* Cell */,
				C012758826A4B250001070F2 /* View Models */,
				C030994D26A4ACD5008CED75 /* Models */,
				C00735CB26A4A407006E2F8A /* Services */,
				C00735C326A49B66006E2F8A /* Controllers */,
				C00735AC26A49B33006E2F8A /* AppDelegate.swift */,
				C00735C726A49BC8006E2F8A /* Main.storyboard */,
				C00735AE26A49B33006E2F8A /* SceneDelegate.swift */,
				C00735B526A49B34006E2F8A /* Assets.xcassets */,
				C00735B726A49B34006E2F8A /* LaunchScreen.storyboard */,
				C00735BA26A49B34006E2F8A /* Info.plist */,
			);
			path = GoodNews;
			sourceTree = "<group>";
		};
		C00735C326A49B66006E2F8A /* Controllers */ = {
			isa = PBXGroup;
			children = (
				C00735C426A49B9C006E2F8A /* NewListTableViewController.swift */,
			);
			path = Controllers;
			sourceTree = "<group>";
		};
		C00735CB26A4A407006E2F8A /* Services */ = {
			isa = PBXGroup;
			children = (
				C00735CC26A4A417006E2F8A /* WebService.swift */,
			);
			path = Services;
			sourceTree = "<group>";
		};
		C012758826A4B250001070F2 /* View Models */ = {
			isa = PBXGroup;
			children = (
				C012758926A4B264001070F2 /* ArticleViewModel.swift */,
			);
			path = "View Models";
			sourceTree = "<group>";
		};
		C012758D26A4B453001070F2 /* Cell */ = {
			isa = PBXGroup;
			children = (
				C012758E26A4B47A001070F2 /* ArticleTableViewCell.swift */,
			);
			path = Cell;
			sourceTree = "<group>";
		};
		C030994D26A4ACD5008CED75 /* Models */ = {
			isa = PBXGroup;
			children = (
				C030994E26A4ACE4008CED75 /* Article.swift */,
			);
			path = Models;
			sourceTree = "<group>";
		};
/* End PBXGroup section */

/* Begin PBXNativeTarget section */
		C00735A826A49B33006E2F8A /* GoodNews */ = {
			isa = PBXNativeTarget;
			buildConfigurationList = C00735BD26A49B34006E2F8A /* Build configuration list for PBXNativeTarget "GoodNews" */;
			buildPhases = (
				C00735A526A49B33006E2F8A /* Sources */,
				C00735A626A49B33006E2F8A /* Frameworks */,
				C00735A726A49B33006E2F8A /* Resources */,
			);
			buildRules = (
			);
			dependencies = (
			);
			name = GoodNews;
			productName = GoodNews;
			productReference = C00735A926A49B33006E2F8A /* GoodNews.app */;
			productType = "com.apple.product-type.application";
		};
/* End PBXNativeTarget section */

/* Begin PBXProject section */
		C00735A126A49B33006E2F8A /* Project object */ = {
			isa = PBXProject;
			attributes = {
				LastSwiftUpdateCheck = 1240;
				LastUpgradeCheck = 1240;
				TargetAttributes = {
					C00735A826A49B33006E2F8A = {
						CreatedOnToolsVersion = 12.4;
					};
				};
			};
			buildConfigurationList = C00735A426A49B33006E2F8A /* Build configuration list for PBXProject "GoodNews" */;
			compatibilityVersion = "Xcode 9.3";
			developmentRegion = en;
			hasScannedForEncodings = 0;
			knownRegions = (
				en,
				Base,
			);
			mainGroup = C00735A026A49B33006E2F8A;
			productRefGroup = C00735AA26A49B33006E2F8A /* Products */;
			projectDirPath = "";
			projectRoot = "";
			targets = (
				C00735A826A49B33006E2F8A /* GoodNews */,
			);
		};
/* End PBXProject section */

/* Begin PBXResourcesBuildPhase section */
		C00735A726A49B33006E2F8A /* Resources */ = {
			isa = PBXResourcesBuildPhase;
			buildActionMask = 2147483647;
			files = (
				C00735C826A49BC8006E2F8A /* Main.storyboard in Resources */,
				C00735B926A49B34006E2F8A /* LaunchScreen.storyboard in Resources */,
				C00735B626A49B34006E2F8A /* Assets.xcassets in Resources */,
			);
			runOnlyForDeploymentPostprocessing = 0;
		};
/* End PBXResourcesBuildPhase section */

/* Begin PBXSourcesBuildPhase section */
		C00735A526A49B33006E2F8A /* Sources */ = {
			isa = PBXSourcesBuildPhase;
			buildActionMask = 2147483647;
			files = (
				C00735C526A49B9C006E2F8A /* NewListTableViewController.swift in Sources */,
				C00735AD26A49B33006E2F8A /* AppDelegate.swift in Sources */,
				C00735CD26A4A417006E2F8A /* WebService.swift in Sources */,
				C012758A26A4B264001070F2 /* ArticleViewModel.swift in Sources */,
				C00735AF26A49B33006E2F8A /* SceneDelegate.swift in Sources */,
				C012758F26A4B47A001070F2 /* ArticleTableViewCell.swift in Sources */,
				C030994F26A4ACE4008CED75 /* Article.swift in Sources */,
			);
			runOnlyForDeploymentPostprocessing = 0;
		};
/* End PBXSourcesBuildPhase section */

/* Begin PBXVariantGroup section */
		C00735B726A49B34006E2F8A /* LaunchScreen.storyboard */ = {
			isa = PBXVariantGroup;
			children = (
				C00735B826A49B34006E2F8A /* Base */,
			);
			name = LaunchScreen.storyboard;
			sourceTree = "<group>";
		};
/* End PBXVariantGroup section */

/* Begin XCBuildConfiguration section */
		C00735BB26A49B34006E2F8A /* Debug */ = {
			isa = XCBuildConfiguration;
			buildSettings = {
				ALWAYS_SEARCH_USER_PATHS = NO;
				CLANG_ANALYZER_NONNULL = YES;
				CLANG_ANALYZER_NUMBER_OBJECT_CONVERSION = YES_AGGRESSIVE;
				CLANG_CXX_LANGUAGE_STANDARD = "gnu++14";
				CLANG_CXX_LIBRARY = "libc++";
				CLANG_ENABLE_MODULES = YES;
				CLANG_ENABLE_OBJC_ARC = YES;
				CLANG_ENABLE_OBJC_WEAK = YES;
				CLANG_WARN_BLOCK_CAPTURE_AUTORELEASING = YES;
				CLANG_WARN_BOOL_CONVERSION = YES;
				CLANG_WARN_COMMA = YES;
				CLANG_WARN_CONSTANT_CONVERSION = YES;
				CLANG_WARN_DEPRECATED_OBJC_IMPLEMENTATIONS = YES;
				CLANG_WARN_DIRECT_OBJC_ISA_USAGE = YES_ERROR;
				CLANG_WARN_DOCUMENTATION_COMMENTS = YES;
				CLANG_WARN_EMPTY_BODY = YES;
				CLANG_WARN_ENUM_CONVERSION = YES;
				CLANG_WARN_INFINITE_RECURSION = YES;
				CLANG_WARN_INT_CONVERSION = YES;
				CLANG_WARN_NON_LITERAL_NULL_CONVERSION = YES;
				CLANG_WARN_OBJC_IMPLICIT_RETAIN_SELF = YES;
				CLANG_WARN_OBJC_LITERAL_CONVERSION = YES;
				CLANG_WARN_OBJC_ROOT_CLASS = YES_ERROR;
				CLANG_WARN_QUOTED_INCLUDE_IN_FRAMEWORK_HEADER = YES;
				CLANG_WARN_RANGE_LOOP_ANALYSIS = YES;
				CLANG_WARN_STRICT_PROTOTYPES = YES;
				CLANG_WARN_SUSPICIOUS_MOVE = YES;
				CLANG_WARN_UNGUARDED_AVAILABILITY = YES_AGGRESSIVE;
				CLANG_WARN_UNREACHABLE_CODE = YES;
				CLANG_WARN__DUPLICATE_METHOD_MATCH = YES;
				COPY_PHASE_STRIP = NO;
				DEBUG_INFORMATION_FORMAT = dwarf;
				ENABLE_STRICT_OBJC_MSGSEND = YES;
				ENABLE_TESTABILITY = YES;
				GCC_C_LANGUAGE_STANDARD = gnu11;
				GCC_DYNAMIC_NO_PIC = NO;
				GCC_NO_COMMON_BLOCKS = YES;
				GCC_OPTIMIZATION_LEVEL = 0;
				GCC_PREPROCESSOR_DEFINITIONS = (
					"DEBUG=1",
					"$(inherited)",
				);
				GCC_WARN_64_TO_32_BIT_CONVERSION = YES;
				GCC_WARN_ABOUT_RETURN_TYPE = YES_ERROR;
				GCC_WARN_UNDECLARED_SELECTOR = YES;
				GCC_WARN_UNINITIALIZED_AUTOS = YES_AGGRESSIVE;
				GCC_WARN_UNUSED_FUNCTION = YES;
				GCC_WARN_UNUSED_VARIABLE = YES;
				IPHONEOS_DEPLOYMENT_TARGET = 14.4;
				MTL_ENABLE_DEBUG_INFO = INCLUDE_SOURCE;
				MTL_FAST_MATH = YES;
				ONLY_ACTIVE_ARCH = YES;
				SDKROOT = iphoneos;
				SWIFT_ACTIVE_COMPILATION_CONDITIONS = DEBUG;
				SWIFT_OPTIMIZATION_LEVEL = "-Onone";
			};
			name = Debug;
		};
		C00735BC26A49B34006E2F8A /* Release */ = {
			isa = XCBuildConfiguration;
			buildSettings = {
				ALWAYS_SEARCH_USER_PATHS = NO;
				CLANG_ANALYZER_NONNULL = YES;
				CLANG_ANALYZER_NUMBER_OBJECT_CONVERSION = YES_AGGRESSIVE;
				CLANG_CXX_LANGUAGE_STANDARD = "gnu++14";
				CLANG_CXX_LIBRARY = "libc++";
				CLANG_ENABLE_MODULES = YES;
				CLANG_ENABLE_OBJC_ARC = YES;
				CLANG_ENABLE_OBJC_WEAK = YES;
				CLANG_WARN_BLOCK_CAPTURE_AUTORELEASING = YES;
				CLANG_WARN_BOOL_CONVERSION = YES;
				CLANG_WARN_COMMA = YES;
				CLANG_WARN_CONSTANT_CONVERSION = YES;
				CLANG_WARN_DEPRECATED_OBJC_IMPLEMENTATIONS = YES;
				CLANG_WARN_DIRECT_OBJC_ISA_USAGE = YES_ERROR;
				CLANG_WARN_DOCUMENTATION_COMMENTS = YES;
				CLANG_WARN_EMPTY_BODY = YES;
				CLANG_WARN_ENUM_CONVERSION = YES;
				CLANG_WARN_INFINITE_RECURSION = YES;
				CLANG_WARN_INT_CONVERSION = YES;
				CLANG_WARN_NON_LITERAL_NULL_CONVERSION = YES;
				CLANG_WARN_OBJC_IMPLICIT_RETAIN_SELF = YES;
				CLANG_WARN_OBJC_LITERAL_CONVERSION = YES;
				CLANG_WARN_OBJC_ROOT_CLASS = YES_ERROR;
				CLANG_WARN_QUOTED_INCLUDE_IN_FRAMEWORK_HEADER = YES;
				CLANG_WARN_RANGE_LOOP_ANALYSIS = YES;
				CLANG_WARN_STRICT_PROTOTYPES = YES;
				CLANG_WARN_SUSPICIOUS_MOVE = YES;
				CLANG_WARN_UNGUARDED_AVAILABILITY = YES_AGGRESSIVE;
				CLANG_WARN_UNREACHABLE_CODE = YES;
				CLANG_WARN__DUPLICATE_METHOD_MATCH = YES;
				COPY_PHASE_STRIP = NO;
				DEBUG_INFORMATION_FORMAT = "dwarf-with-dsym";
				ENABLE_NS_ASSERTIONS = NO;
				ENABLE_STRICT_OBJC_MSGSEND = YES;
				GCC_C_LANGUAGE_STANDARD = gnu11;
				GCC_NO_COMMON_BLOCKS = YES;
				GCC_WARN_64_TO_32_BIT_CONVERSION = YES;
				GCC_WARN_ABOUT_RETURN_TYPE = YES_ERROR;
				GCC_WARN_UNDECLARED_SELECTOR = YES;
				GCC_WARN_UNINITIALIZED_AUTOS = YES_AGGRESSIVE;
				GCC_WARN_UNUSED_FUNCTION = YES;
				GCC_WARN_UNUSED_VARIABLE = YES;
				IPHONEOS_DEPLOYMENT_TARGET = 14.4;
				MTL_ENABLE_DEBUG_INFO = NO;
				MTL_FAST_MATH = YES;
				SDKROOT = iphoneos;
				SWIFT_COMPILATION_MODE = wholemodule;
				SWIFT_OPTIMIZATION_LEVEL = "-O";
				VALIDATE_PRODUCT = YES;
			};
			name = Release;
		};
		C00735BE26A49B34006E2F8A /* Debug */ = {
			isa = XCBuildConfiguration;
			buildSettings = {
				ASSETCATALOG_COMPILER_APPICON_NAME = AppIcon;
				ASSETCATALOG_COMPILER_GLOBAL_ACCENT_COLOR_NAME = AccentColor;
				CODE_SIGN_STYLE = Automatic;
				INFOPLIST_FILE = GoodNews/Info.plist;
				LD_RUNPATH_SEARCH_PATHS = (
					"$(inherited)",
					"@executable_path/Frameworks",
				);
				PRODUCT_BUNDLE_IDENTIFIER = com.erdal.GoodNews;
				PRODUCT_NAME = "$(TARGET_NAME)";
				SWIFT_VERSION = 5.0;
				TARGETED_DEVICE_FAMILY = "1,2";
			};
			name = Debug;
		};
		C00735BF26A49B34006E2F8A /* Release */ = {
			isa = XCBuildConfiguration;
			buildSettings = {
				ASSETCATALOG_COMPILER_APPICON_NAME = AppIcon;
				ASSETCATALOG_COMPILER_GLOBAL_ACCENT_COLOR_NAME = AccentColor;
				CODE_SIGN_STYLE = Automatic;
				INFOPLIST_FILE = GoodNews/Info.plist;
				LD_RUNPATH_SEARCH_PATHS = (
					"$(inherited)",
					"@executable_path/Frameworks",
				);
				PRODUCT_BUNDLE_IDENTIFIER = com.erdal.GoodNews;
				PRODUCT_NAME = "$(TARGET_NAME)";
				SWIFT_VERSION = 5.0;
				TARGETED_DEVICE_FAMILY = "1,2";
			};
			name = Release;
		};
/* End XCBuildConfiguration section */

/* Begin XCConfigurationList section */
		C00735A426A49B33006E2F8A /* Build configuration list for PBXProject "GoodNews" */ = {
			isa = XCConfigurationList;
			buildConfigurations = (
				C00735BB26A49B34006E2F8A /* Debug */,
				C00735BC26A49B34006E2F8A /* Release */,
			);
			defaultConfigurationIsVisible = 0;
			defaultConfigurationName = Release;
		};
		C00735BD26A49B34006E2F8A /* Build configuration list for PBXNativeTarget "GoodNews" */ = {
			isa = XCConfigurationList;
			buildConfigurations = (
				C00735BE26A49B34006E2F8A /* Debug */,
				C00735BF26A49B34006E2F8A /* Release */,
			);
			defaultConfigurationIsVisible = 0;
			defaultConfigurationName = Release;
		};
/* End XCConfigurationList section */
	};
	rootObject = C00735A126A49B33006E2F8A /* Project object */;
}
